
Microsoft Visual Studio Solution File, Format Version 12.00
# Visual Studio Version 17
VisualStudioVersion = 17.4.33205.214
MinimumVisualStudioVersion = 10.0.40219.1
Project("{2150E333-8FDC-42A3-9474-1A3956D46DE8}") = "Services", "Services", "{8F081853-8BFF-497A-BF76-586FAA2BAF84}"
EndProject
Project("{2150E333-8FDC-42A3-9474-1A3956D46DE8}") = "Catalog", "Catalog", "{4193815B-84FB-41C6-8DB2-331C915F792D}"
EndProject
Project("{9A19103F-16F7-4668-BE54-9A1E7A4F7556}") = "FreeCourse.Services.Catalog", "Services\Catalog\FreeCourse.Services.Catalog\FreeCourse.Services.Catalog.csproj", "{C3C647E8-978D-40E8-A980-25DA58AA1648}"
EndProject
Project("{2150E333-8FDC-42A3-9474-1A3956D46DE8}") = "Solution Items", "Solution Items", "{7548D9E2-AE2A-4E84-BEE0-70EF7C278851}"
	ProjectSection(SolutionItems) = preProject
		Ports.txt = Ports.txt
	EndProjectSection
EndProject
Project("{2150E333-8FDC-42A3-9474-1A3956D46DE8}") = "Shared", "Shared", "{BDD37FDC-C358-4A6B-9F7D-8D321E82EE7F}"
EndProject
Project("{9A19103F-16F7-4668-BE54-9A1E7A4F7556}") = "FreeCourse.Shared", "Shared\FreeCourse.Shared\FreeCourse.Shared.csproj", "{A44F58FB-5E16-4C9B-8645-98C262BB32FB}"
EndProject
Project("{2150E333-8FDC-42A3-9474-1A3956D46DE8}") = "IdentityServer", "IdentityServer", "{E0AB1B12-01A2-4966-9F68-A9EEA3B250F2}"
EndProject
Project("{9A19103F-16F7-4668-BE54-9A1E7A4F7556}") = "FreeCourse.IdentityServer", "IdentityServer\FreeCourse.IdentityServer\FreeCourse.IdentityServer.csproj", "{5FC8D538-E80C-4E15-BB23-1A2DE60B5C2B}"
EndProject
Project("{2150E333-8FDC-42A3-9474-1A3956D46DE8}") = "PhotoStock", "PhotoStock", "{754C72DE-DD4A-441B-B193-5F939D57B4EF}"
EndProject
Project("{2150E333-8FDC-42A3-9474-1A3956D46DE8}") = "Basket", "Basket", "{F314310A-66D5-48D2-8E72-D0B851257F9E}"
EndProject
Project("{2150E333-8FDC-42A3-9474-1A3956D46DE8}") = "Discount", "Discount", "{44287A31-E753-4239-9B41-B63226E8EB41}"
EndProject
Project("{9A19103F-16F7-4668-BE54-9A1E7A4F7556}") = "FreeCourse.Services.Basket", "Services\Basket\FreeCourse.Services.Basket\FreeCourse.Services.Basket.csproj", "{828674E9-7CEC-47EA-A9C7-EE61432884C7}"
EndProject
Project("{9A19103F-16F7-4668-BE54-9A1E7A4F7556}") = "FreeCourse.Services.Discount", "Services\Discount\FreeCourse.Services.Discount\FreeCourse.Services.Discount.csproj", "{75BF2E23-BBD5-45D7-9E1B-1B6BF3C28DEE}"
EndProject
Project("{9A19103F-16F7-4668-BE54-9A1E7A4F7556}") = "FreeCourse.Service.PhotoStock", "Services\PhotoStock\FreeCourse.Service.PhotoStock\FreeCourse.Service.PhotoStock.csproj", "{BF0F0DAA-D253-4725-8757-6DF00836574C}"
EndProject
Project("{2150E333-8FDC-42A3-9474-1A3956D46DE8}") = "Order", "Order", "{D16AD332-43E2-49E0-AEC0-C17E2E2CC2A7}"
EndProject
Project("{9A19103F-16F7-4668-BE54-9A1E7A4F7556}") = "FreeCourse.Services.Order.API", "Services\Order\FreeCourse.Services.Order.API\FreeCourse.Services.Order.API.csproj", "{DBCF6CB5-5F62-418F-A814-BAE0D4608A3B}"
EndProject
Project("{9A19103F-16F7-4668-BE54-9A1E7A4F7556}") = "FreeCourse.Services.Order.Application", "Services\Order\FreeCourse.Services.Order.Application\FreeCourse.Services.Order.Application.csproj", "{311F8746-6187-4E36-B7B8-0ED4C3CF2768}"
EndProject
Project("{9A19103F-16F7-4668-BE54-9A1E7A4F7556}") = "FreeCourse.Services.Order.Domain", "Services\Order\FreeCourse.Services.Order.Domain\FreeCourse.Services.Order.Domain.csproj", "{9406F06F-4D80-4F65-B340-A13A4EDC7652}"
EndProject
Project("{9A19103F-16F7-4668-BE54-9A1E7A4F7556}") = "FreeCourse.Services.Order.Domain.Core", "Services\Order\FreeCourse.Services.Order.Domain.Core\FreeCourse.Services.Order.Domain.Core.csproj", "{8429AC09-CA36-4D90-AC59-8164A21586B4}"
EndProject
Project("{9A19103F-16F7-4668-BE54-9A1E7A4F7556}") = "FreeCourse.Services.Order.Infrastructure", "Services\Order\FreeCourse.Services.Order.Infrastructure\FreeCourse.Services.Order.Infrastructure.csproj", "{A26C250C-0BCD-4DBE-9A3E-2AA79AF6C1C9}"
EndProject
Project("{2150E333-8FDC-42A3-9474-1A3956D46DE8}") = "Payment", "Payment", "{67100231-E7D9-4275-ABDC-7D08767AE6BF}"
EndProject
Project("{9A19103F-16F7-4668-BE54-9A1E7A4F7556}") = "FreeCourse.Services.Payment", "Services\Payment\FreeCourse.Services.Payment\FreeCourse.Services.Payment.csproj", "{B765C807-A669-4D3C-B712-1BEC89B0896A}"
EndProject
Project("{2150E333-8FDC-42A3-9474-1A3956D46DE8}") = "Geteways", "Geteways", "{DD950BDF-36B3-4E2C-84F2-459719921326}"
EndProject
Project("{9A19103F-16F7-4668-BE54-9A1E7A4F7556}") = "FreeCourse.Geteway", "FreeCourse.Geteway\FreeCourse.Geteway.csproj", "{C590BFEF-935C-4789-B9B2-EAC5D1E27D42}"
EndProject
Project("{2150E333-8FDC-42A3-9474-1A3956D46DE8}") = "UserInterfaces", "UserInterfaces", "{6B7C33AE-27E0-4246-BF0E-8444932A6A39}"
EndProject
Project("{FAE04EC0-301F-11D3-BF4B-00C04F79EFBC}") = "FreeCourse.Web", "UserInterfaces\FreeCourse.Web\FreeCourse.Web.csproj", "{24981512-D196-44E7-A5C4-017CC7F73135}"
EndProject
Global
	GlobalSection(SolutionConfigurationPlatforms) = preSolution
		Debug|Any CPU = Debug|Any CPU
		Release|Any CPU = Release|Any CPU
	EndGlobalSection
	GlobalSection(ProjectConfigurationPlatforms) = postSolution
		{C3C647E8-978D-40E8-A980-25DA58AA1648}.Debug|Any CPU.ActiveCfg = Debug|Any CPU
		{C3C647E8-978D-40E8-A980-25DA58AA1648}.Debug|Any CPU.Build.0 = Debug|Any CPU
		{C3C647E8-978D-40E8-A980-25DA58AA1648}.Release|Any CPU.ActiveCfg = Release|Any CPU
		{C3C647E8-978D-40E8-A980-25DA58AA1648}.Release|Any CPU.Build.0 = Release|Any CPU
		{A44F58FB-5E16-4C9B-8645-98C262BB32FB}.Debug|Any CPU.ActiveCfg = Debug|Any CPU
		{A44F58FB-5E16-4C9B-8645-98C262BB32FB}.Debug|Any CPU.Build.0 = Debug|Any CPU
		{A44F58FB-5E16-4C9B-8645-98C262BB32FB}.Release|Any CPU.ActiveCfg = Release|Any CPU
		{A44F58FB-5E16-4C9B-8645-98C262BB32FB}.Release|Any CPU.Build.0 = Release|Any CPU
		{5FC8D538-E80C-4E15-BB23-1A2DE60B5C2B}.Debug|Any CPU.ActiveCfg = Debug|Any CPU
		{5FC8D538-E80C-4E15-BB23-1A2DE60B5C2B}.Debug|Any CPU.Build.0 = Debug|Any CPU
		{5FC8D538-E80C-4E15-BB23-1A2DE60B5C2B}.Release|Any CPU.ActiveCfg = Release|Any CPU
		{5FC8D538-E80C-4E15-BB23-1A2DE60B5C2B}.Release|Any CPU.Build.0 = Release|Any CPU
		{828674E9-7CEC-47EA-A9C7-EE61432884C7}.Debug|Any CPU.ActiveCfg = Debug|Any CPU
		{828674E9-7CEC-47EA-A9C7-EE61432884C7}.Debug|Any CPU.Build.0 = Debug|Any CPU
		{828674E9-7CEC-47EA-A9C7-EE61432884C7}.Release|Any CPU.ActiveCfg = Release|Any CPU
		{828674E9-7CEC-47EA-A9C7-EE61432884C7}.Release|Any CPU.Build.0 = Release|Any CPU
		{75BF2E23-BBD5-45D7-9E1B-1B6BF3C28DEE}.Debug|Any CPU.ActiveCfg = Debug|Any CPU
		{75BF2E23-BBD5-45D7-9E1B-1B6BF3C28DEE}.Debug|Any CPU.Build.0 = Debug|Any CPU
		{75BF2E23-BBD5-45D7-9E1B-1B6BF3C28DEE}.Release|Any CPU.ActiveCfg = Release|Any CPU
		{75BF2E23-BBD5-45D7-9E1B-1B6BF3C28DEE}.Release|Any CPU.Build.0 = Release|Any CPU
		{BF0F0DAA-D253-4725-8757-6DF00836574C}.Debug|Any CPU.ActiveCfg = Debug|Any CPU
		{BF0F0DAA-D253-4725-8757-6DF00836574C}.Debug|Any CPU.Build.0 = Debug|Any CPU
		{BF0F0DAA-D253-4725-8757-6DF00836574C}.Release|Any CPU.ActiveCfg = Release|Any CPU
		{BF0F0DAA-D253-4725-8757-6DF00836574C}.Release|Any CPU.Build.0 = Release|Any CPU
		{DBCF6CB5-5F62-418F-A814-BAE0D4608A3B}.Debug|Any CPU.ActiveCfg = Debug|Any CPU
		{DBCF6CB5-5F62-418F-A814-BAE0D4608A3B}.Debug|Any CPU.Build.0 = Debug|Any CPU
		{DBCF6CB5-5F62-418F-A814-BAE0D4608A3B}.Release|Any CPU.ActiveCfg = Release|Any CPU
		{DBCF6CB5-5F62-418F-A814-BAE0D4608A3B}.Release|Any CPU.Build.0 = Release|Any CPU
		{311F8746-6187-4E36-B7B8-0ED4C3CF2768}.Debug|Any CPU.ActiveCfg = Debug|Any CPU
		{311F8746-6187-4E36-B7B8-0ED4C3CF2768}.Debug|Any CPU.Build.0 = Debug|Any CPU
		{311F8746-6187-4E36-B7B8-0ED4C3CF2768}.Release|Any CPU.ActiveCfg = Release|Any CPU
		{311F8746-6187-4E36-B7B8-0ED4C3CF2768}.Release|Any CPU.Build.0 = Release|Any CPU
		{9406F06F-4D80-4F65-B340-A13A4EDC7652}.Debug|Any CPU.ActiveCfg = Debug|Any CPU
		{9406F06F-4D80-4F65-B340-A13A4EDC7652}.Debug|Any CPU.Build.0 = Debug|Any CPU
		{9406F06F-4D80-4F65-B340-A13A4EDC7652}.Release|Any CPU.ActiveCfg = Release|Any CPU
		{9406F06F-4D80-4F65-B340-A13A4EDC7652}.Release|Any CPU.Build.0 = Release|Any CPU
		{8429AC09-CA36-4D90-AC59-8164A21586B4}.Debug|Any CPU.ActiveCfg = Debug|Any CPU
		{8429AC09-CA36-4D90-AC59-8164A21586B4}.Debug|Any CPU.Build.0 = Debug|Any CPU
		{8429AC09-CA36-4D90-AC59-8164A21586B4}.Release|Any CPU.ActiveCfg = Release|Any CPU
		{8429AC09-CA36-4D90-AC59-8164A21586B4}.Release|Any CPU.Build.0 = Release|Any CPU
		{A26C250C-0BCD-4DBE-9A3E-2AA79AF6C1C9}.Debug|Any CPU.ActiveCfg = Debug|Any CPU
		{A26C250C-0BCD-4DBE-9A3E-2AA79AF6C1C9}.Debug|Any CPU.Build.0 = Debug|Any CPU
		{A26C250C-0BCD-4DBE-9A3E-2AA79AF6C1C9}.Release|Any CPU.ActiveCfg = Release|Any CPU
		{A26C250C-0BCD-4DBE-9A3E-2AA79AF6C1C9}.Release|Any CPU.Build.0 = Release|Any CPU
		{B765C807-A669-4D3C-B712-1BEC89B0896A}.Debug|Any CPU.ActiveCfg = Debug|Any CPU
		{B765C807-A669-4D3C-B712-1BEC89B0896A}.Debug|Any CPU.Build.0 = Debug|Any CPU
		{B765C807-A669-4D3C-B712-1BEC89B0896A}.Release|Any CPU.ActiveCfg = Release|Any CPU
		{B765C807-A669-4D3C-B712-1BEC89B0896A}.Release|Any CPU.Build.0 = Release|Any CPU
		{C590BFEF-935C-4789-B9B2-EAC5D1E27D42}.Debug|Any CPU.ActiveCfg = Debug|Any CPU
		{C590BFEF-935C-4789-B9B2-EAC5D1E27D42}.Debug|Any CPU.Build.0 = Debug|Any CPU
		{C590BFEF-935C-4789-B9B2-EAC5D1E27D42}.Release|Any CPU.ActiveCfg = Release|Any CPU
		{C590BFEF-935C-4789-B9B2-EAC5D1E27D42}.Release|Any CPU.Build.0 = Release|Any CPU
		{24981512-D196-44E7-A5C4-017CC7F73135}.Debug|Any CPU.ActiveCfg = Debug|Any CPU
		{24981512-D196-44E7-A5C4-017CC7F73135}.Debug|Any CPU.Build.0 = Debug|Any CPU
		{24981512-D196-44E7-A5C4-017CC7F73135}.Release|Any CPU.ActiveCfg = Release|Any CPU
		{24981512-D196-44E7-A5C4-017CC7F73135}.Release|Any CPU.Build.0 = Release|Any CPU
	EndGlobalSection
	GlobalSection(SolutionProperties) = preSolution
		HideSolutionNode = FALSE
	EndGlobalSection
	GlobalSection(NestedProjects) = preSolution
		{4193815B-84FB-41C6-8DB2-331C915F792D} = {8F081853-8BFF-497A-BF76-586FAA2BAF84}
		{C3C647E8-978D-40E8-A980-25DA58AA1648} = {4193815B-84FB-41C6-8DB2-331C915F792D}
		{A44F58FB-5E16-4C9B-8645-98C262BB32FB} = {BDD37FDC-C358-4A6B-9F7D-8D321E82EE7F}
		{5FC8D538-E80C-4E15-BB23-1A2DE60B5C2B} = {E0AB1B12-01A2-4966-9F68-A9EEA3B250F2}
		{754C72DE-DD4A-441B-B193-5F939D57B4EF} = {8F081853-8BFF-497A-BF76-586FAA2BAF84}
		{F314310A-66D5-48D2-8E72-D0B851257F9E} = {8F081853-8BFF-497A-BF76-586FAA2BAF84}
		{44287A31-E753-4239-9B41-B63226E8EB41} = {8F081853-8BFF-497A-BF76-586FAA2BAF84}
		{828674E9-7CEC-47EA-A9C7-EE61432884C7} = {F314310A-66D5-48D2-8E72-D0B851257F9E}
		{75BF2E23-BBD5-45D7-9E1B-1B6BF3C28DEE} = {44287A31-E753-4239-9B41-B63226E8EB41}
		{BF0F0DAA-D253-4725-8757-6DF00836574C} = {754C72DE-DD4A-441B-B193-5F939D57B4EF}
		{D16AD332-43E2-49E0-AEC0-C17E2E2CC2A7} = {8F081853-8BFF-497A-BF76-586FAA2BAF84}
		{DBCF6CB5-5F62-418F-A814-BAE0D4608A3B} = {D16AD332-43E2-49E0-AEC0-C17E2E2CC2A7}
		{311F8746-6187-4E36-B7B8-0ED4C3CF2768} = {D16AD332-43E2-49E0-AEC0-C17E2E2CC2A7}
		{9406F06F-4D80-4F65-B340-A13A4EDC7652} = {D16AD332-43E2-49E0-AEC0-C17E2E2CC2A7}
		{8429AC09-CA36-4D90-AC59-8164A21586B4} = {D16AD332-43E2-49E0-AEC0-C17E2E2CC2A7}
		{A26C250C-0BCD-4DBE-9A3E-2AA79AF6C1C9} = {D16AD332-43E2-49E0-AEC0-C17E2E2CC2A7}
		{67100231-E7D9-4275-ABDC-7D08767AE6BF} = {8F081853-8BFF-497A-BF76-586FAA2BAF84}
		{B765C807-A669-4D3C-B712-1BEC89B0896A} = {67100231-E7D9-4275-ABDC-7D08767AE6BF}
		{C590BFEF-935C-4789-B9B2-EAC5D1E27D42} = {DD950BDF-36B3-4E2C-84F2-459719921326}
		{24981512-D196-44E7-A5C4-017CC7F73135} = {6B7C33AE-27E0-4246-BF0E-8444932A6A39}
	EndGlobalSection
	GlobalSection(ExtensibilityGlobals) = postSolution
		SolutionGuid = {3E13F7E9-5A90-4E44-A374-0AE245B7853E}
	EndGlobalSection
EndGlobal
